
Microsoft Visual Studio Solution File, Format Version 12.00
# Visual Studio Version 16
VisualStudioVersion = 16.0.31112.23
MinimumVisualStudioVersion = 10.0.40219.1
Project("{8BC9CEB8-8B4A-11D0-8D11-00A0C91BC942}") = "LiteXLoader", "LiteXLoader\LiteXLoader.vcxproj", "{3524E651-FDFA-498D-BE39-7DF750172672}"
EndProject
Global
	GlobalSection(SolutionConfigurationPlatforms) = preSolution
		Js|x64 = Js|x64
		Js|x86 = Js|x86
		Lua|x64 = Lua|x64
		Lua|x86 = Lua|x86
	EndGlobalSection
	GlobalSection(ProjectConfigurationPlatforms) = postSolution
		{3524E651-FDFA-498D-BE39-7DF750172672}.Js|x64.ActiveCfg = Js|x64
		{3524E651-FDFA-498D-BE39-7DF750172672}.Js|x64.Build.0 = Js|x64
		{3524E651-FDFA-498D-BE39-7DF750172672}.Js|x86.ActiveCfg = Js|Win32
		{3524E651-FDFA-498D-BE39-7DF750172672}.Js|x86.Build.0 = Js|Win32
		{3524E651-FDFA-498D-BE39-7DF750172672}.Lua|x64.ActiveCfg = Lua|x64
		{3524E651-FDFA-498D-BE39-7DF750172672}.Lua|x64.Build.0 = Lua|x64
		{3524E651-FDFA-498D-BE39-7DF750172672}.Lua|x86.ActiveCfg = Lua|Win32
		{3524E651-FDFA-498D-BE39-7DF750172672}.Lua|x86.Build.0 = Lua|Win32
	EndGlobalSection
	GlobalSection(SolutionProperties) = preSolution
		HideSolutionNode = FALSE
	EndGlobalSection
	GlobalSection(ExtensibilityGlobals) = postSolution
		SolutionGuid = {BB924030-0BD4-4409-A816-A1EC613F870A}
	EndGlobalSection
EndGlobal
