<?xml version="1.0" encoding="utf-8"?>
<Project ToolsVersion="4.0" xmlns="http://schemas.microsoft.com/developer/msbuild/2003">
  <ItemGroup>
    <Filter Include="API">
      <UniqueIdentifier>{2ffc71f3-f140-445c-a964-5eb48b90fc50}</UniqueIdentifier>
    </Filter>
    <Filter Include="Kernel">
      <UniqueIdentifier>{b3f49dbe-3a2c-4e91-bf58-0c4b932dc587}</UniqueIdentifier>
    </Filter>
    <Filter Include="Main">
      <UniqueIdentifier>{93995380-89BD-4b04-88EB-625FBE52EBFB}</UniqueIdentifier>
      <Extensions>h;hh;hpp;hxx;h++;hm;inl;inc;ipp;xsd</Extensions>
    </Filter>
    <Filter Include="Lib">
      <UniqueIdentifier>{3aacf150-55b2-4166-9782-9832fe58a15f}</UniqueIdentifier>
    </Filter>
    <Filter Include="Source Files">
      <UniqueIdentifier>{67DA6AB6-F800-4c08-8B7A-83BB121AAD01}</UniqueIdentifier>
      <Extensions>rc;ico;cur;bmp;dlg;rc2;rct;bin;rgs;gif;jpg;jpeg;jpe;resx;tiff;tif;png;wav;mfcribbon-ms</Extensions>
    </Filter>
  </ItemGroup>
  <ItemGroup>
    <ClCompile Include="API\APIHelp.cpp">
      <Filter>API</Filter>
    </ClCompile>
    <ClCompile Include="API\BaseAPI.cpp">
      <Filter>API</Filter>
    </ClCompile>
    <ClCompile Include="API\BlockAPI.cpp">
      <Filter>API</Filter>
    </ClCompile>
    <ClCompile Include="API\CommandAPI.cpp">
      <Filter>API</Filter>
    </ClCompile>
    <ClCompile Include="API\DbAPI.cpp">
      <Filter>API</Filter>
    </ClCompile>
    <ClCompile Include="API\EngineGlobalData.cpp">
      <Filter>API</Filter>
    </ClCompile>
    <ClCompile Include="API\EntityAPI.cpp">
      <Filter>API</Filter>
    </ClCompile>
    <ClCompile Include="API\EventAPI.cpp">
      <Filter>API</Filter>
    </ClCompile>
    <ClCompile Include="API\FileSystemAPI.cpp">
      <Filter>API</Filter>
    </ClCompile>
    <ClCompile Include="API\GuiAPI.cpp">
      <Filter>API</Filter>
    </ClCompile>
    <ClCompile Include="API\ItemAPI.cpp">
      <Filter>API</Filter>
    </ClCompile>
    <ClCompile Include="API\LoaderHelper.cpp">
      <Filter>API</Filter>
    </ClCompile>
    <ClCompile Include="API\LoggerAPI.cpp">
      <Filter>API</Filter>
    </ClCompile>
    <ClCompile Include="API\LxlAPI.cpp">
      <Filter>API</Filter>
    </ClCompile>
    <ClCompile Include="API\NbtAPI.cpp">
      <Filter>API</Filter>
    </ClCompile>
    <ClCompile Include="API\NetworkAPI.cpp">
      <Filter>API</Filter>
    </ClCompile>
    <ClCompile Include="API\PlayerAPI.cpp">
      <Filter>API</Filter>
    </ClCompile>
    <ClCompile Include="API\RemoteCall.cpp">
      <Filter>API</Filter>
    </ClCompile>
    <ClCompile Include="API\ServerAPI.cpp">
      <Filter>API</Filter>
    </ClCompile>
    <ClCompile Include="Kernel\Base.cpp">
      <Filter>Kernel</Filter>
    </ClCompile>
    <ClCompile Include="Kernel\Block.cpp">
      <Filter>Kernel</Filter>
    </ClCompile>
    <ClCompile Include="Kernel\Db.cpp">
      <Filter>Kernel</Filter>
    </ClCompile>
    <ClCompile Include="Kernel\Entity.cpp">
      <Filter>Kernel</Filter>
    </ClCompile>
    <ClCompile Include="Kernel\Event.cpp">
      <Filter>Kernel</Filter>
    </ClCompile>
    <ClCompile Include="Kernel\Global.cpp">
      <Filter>Kernel</Filter>
    </ClCompile>
    <ClCompile Include="Kernel\Gui.cpp">
      <Filter>Kernel</Filter>
    </ClCompile>
    <ClCompile Include="Kernel\i18n.cpp">
      <Filter>Kernel</Filter>
    </ClCompile>
    <ClCompile Include="Kernel\Item.cpp">
      <Filter>Kernel</Filter>
    </ClCompile>
    <ClCompile Include="Kernel\NBT.cpp">
      <Filter>Kernel</Filter>
    </ClCompile>
    <ClCompile Include="Kernel\Packet.cpp">
      <Filter>Kernel</Filter>
    </ClCompile>
    <ClCompile Include="Kernel\Player.cpp">
      <Filter>Kernel</Filter>
    </ClCompile>
    <ClCompile Include="Kernel\Server.cpp">
      <Filter>Kernel</Filter>
    </ClCompile>
    <ClCompile Include="Kernel\SymbolHelper.cpp">
      <Filter>Kernel</Filter>
    </ClCompile>
    <ClCompile Include="Kernel\System.cpp">
      <Filter>Kernel</Filter>
    </ClCompile>
    <ClCompile Include="BindAPIs.cpp">
      <Filter>Main</Filter>
    </ClCompile>
    <ClCompile Include="dllmain.cpp">
      <Filter>Main</Filter>
    </ClCompile>
    <ClCompile Include="LiteXLoader.cpp">
      <Filter>Main</Filter>
    </ClCompile>
    <ClCompile Include="Loader.cpp">
      <Filter>Main</Filter>
    </ClCompile>
    <ClCompile Include="API\ScriptAPI.cpp">
      <Filter>API</Filter>
    </ClCompile>
    <ClCompile Include="Kernel\UnlockCmd.cpp">
      <Filter>Kernel</Filter>
    </ClCompile>
    <ClCompile Include="API\SystemAPI.cpp">
      <Filter>API</Filter>
    </ClCompile>
  </ItemGroup>
  <ItemGroup>
    <ClInclude Include="API\BaseAPI.h">
      <Filter>API</Filter>
    </ClInclude>
    <ClInclude Include="API\BlockAPI.h">
      <Filter>API</Filter>
    </ClInclude>
    <ClInclude Include="API\CommandAPI.h">
      <Filter>API</Filter>
    </ClInclude>
    <ClInclude Include="API\DbAPI.h">
      <Filter>API</Filter>
    </ClInclude>
    <ClInclude Include="API\EngineGlobalData.h">
      <Filter>API</Filter>
    </ClInclude>
    <ClInclude Include="API\EngineOwnData.h">
      <Filter>API</Filter>
    </ClInclude>
    <ClInclude Include="API\EntityAPI.h">
      <Filter>API</Filter>
    </ClInclude>
    <ClInclude Include="API\EventAPI.h">
      <Filter>API</Filter>
    </ClInclude>
    <ClInclude Include="API\FileSystemAPI.h">
      <Filter>API</Filter>
    </ClInclude>
    <ClInclude Include="API\GuiAPI.h">
      <Filter>API</Filter>
    </ClInclude>
    <ClInclude Include="API\ItemAPI.h">
      <Filter>API</Filter>
    </ClInclude>
    <ClInclude Include="API\LoaderHelper.h">
      <Filter>API</Filter>
    </ClInclude>
    <ClInclude Include="API\LoggerAPI.h">
      <Filter>API</Filter>
    </ClInclude>
    <ClInclude Include="API\LxlAPI.h">
      <Filter>API</Filter>
    </ClInclude>
    <ClInclude Include="API\NbtAPI.h">
      <Filter>API</Filter>
    </ClInclude>
    <ClInclude Include="API\NetworkAPI.h">
      <Filter>API</Filter>
    </ClInclude>
    <ClInclude Include="API\APIHelp.h">
      <Filter>API</Filter>
    </ClInclude>
    <ClInclude Include="API\PlayerAPI.h">
      <Filter>API</Filter>
    </ClInclude>
    <ClInclude Include="API\RemoteCall.h">
      <Filter>API</Filter>
    </ClInclude>
    <ClInclude Include="API\ServerAPI.h">
      <Filter>API</Filter>
    </ClInclude>
    <ClInclude Include="API\StaticClasses.h">
      <Filter>API</Filter>
    </ClInclude>
    <ClInclude Include="Kernel\Base.h">
      <Filter>Kernel</Filter>
    </ClInclude>
    <ClInclude Include="Kernel\Block.h">
      <Filter>Kernel</Filter>
    </ClInclude>
    <ClInclude Include="Kernel\Db.h">
      <Filter>Kernel</Filter>
    </ClInclude>
    <ClInclude Include="Kernel\Entity.h">
      <Filter>Kernel</Filter>
    </ClInclude>
    <ClInclude Include="Kernel\Event.h">
      <Filter>Kernel</Filter>
    </ClInclude>
    <ClInclude Include="Kernel\Gui.h">
      <Filter>Kernel</Filter>
    </ClInclude>
    <ClInclude Include="Kernel\i18n.h">
      <Filter>Kernel</Filter>
    </ClInclude>
    <ClInclude Include="Kernel\Item.h">
      <Filter>Kernel</Filter>
    </ClInclude>
    <ClInclude Include="Kernel\NBT.h">
      <Filter>Kernel</Filter>
    </ClInclude>
    <ClInclude Include="Kernel\Packet.h">
      <Filter>Kernel</Filter>
    </ClInclude>
    <ClInclude Include="Kernel\Global.h">
      <Filter>Kernel</Filter>
    </ClInclude>
    <ClInclude Include="Kernel\Player.h">
      <Filter>Kernel</Filter>
    </ClInclude>
    <ClInclude Include="Kernel\Server.h">
      <Filter>Kernel</Filter>
    </ClInclude>
    <ClInclude Include="Kernel\SymbolHelper.h">
      <Filter>Kernel</Filter>
    </ClInclude>
    <ClInclude Include="Kernel\System.h">
      <Filter>Kernel</Filter>
    </ClInclude>
    <ClInclude Include="Kernel\ThirdParty.h">
      <Filter>Kernel</Filter>
    </ClInclude>
    <ClInclude Include="Configs.h">
      <Filter>Main</Filter>
    </ClInclude>
    <ClInclude Include="Loader.h">
      <Filter>Main</Filter>
    </ClInclude>
    <ClInclude Include="API\ScriptAPI.h">
      <Filter>API</Filter>
    </ClInclude>
    <ClInclude Include="API\SystemAPI.h">
      <Filter>API</Filter>
    </ClInclude>
  </ItemGroup>
  <ItemGroup>
    <Library Include="..\third-party\Lua\lib\lua.lib">
      <Filter>Lib</Filter>
    </Library>
    <Library Include="..\third-party\V8\lib\v8.lib">
      <Filter>Lib</Filter>
    </Library>
    <Library Include="..\third-party\V8\lib\v8_libbase.lib">
      <Filter>Lib</Filter>
    </Library>
    <Library Include="..\third-party\V8\lib\v8_libplatform.lib">
      <Filter>Lib</Filter>
    </Library>
    <Library Include="..\third-party\V8\lib\zlib.lib">
      <Filter>Lib</Filter>
    </Library>
    <Library Include="..\third-party\LiteLoader\LiteLoader.lib">
      <Filter>Lib</Filter>
    </Library>
    <Library Include="..\third-party\ScriptX\lib\ScriptX-Js.lib">
      <Filter>Lib</Filter>
    </Library>
    <Library Include="..\third-party\ScriptX\lib\ScriptX-Lua.lib">
      <Filter>Lib</Filter>
    </Library>
    <Library Include="..\third-party\dyncall\lib\libdyncall_s.lib">
      <Filter>Lib</Filter>
    </Library>
    <Library Include="..\third-party\dyncall\lib\libdyncallback_s.lib">
      <Filter>Lib</Filter>
    </Library>
    <Library Include="..\third-party\dyncall\lib\libdynload_s.lib">
      <Filter>Lib</Filter>
    </Library>
    <Library Include="..\third-party\LiteLoader\libcrypto.lib">
      <Filter>Lib</Filter>
    </Library>
    <Library Include="..\third-party\LiteLoader\libssl.lib">
      <Filter>Lib</Filter>
    </Library>
  </ItemGroup>
</Project>